
Microsoft Visual Studio Solution File, Format Version 12.00
# Visual Studio Version 16
VisualStudioVersion = 16.0.31424.327
MinimumVisualStudioVersion = 10.0.40219.1
Project("{2150E333-8FDC-42A3-9474-1A3956D46DE8}") = "1.Layers", "1.Layers", "{B0D3888B-E955-4E17-AFFF-0B9B1B0C169E}"
EndProject
Project("{2150E333-8FDC-42A3-9474-1A3956D46DE8}") = "1.1 Presentation", "1.1 Presentation", "{93388E89-5D5D-4FB0-A0EC-BDE960BC7FD8}"
EndProject
Project("{2150E333-8FDC-42A3-9474-1A3956D46DE8}") = "3.Testing", "3.Testing", "{3D827FB6-EDC8-4B97-961E-D1FBE32925CF}"
EndProject
Project("{2150E333-8FDC-42A3-9474-1A3956D46DE8}") = "3.1 UnitTest", "3.1 UnitTest", "{E4032D2F-8AD8-48F4-858B-01D707066761}"
EndProject
Project("{2150E333-8FDC-42A3-9474-1A3956D46DE8}") = "1.2 Distributed Services", "1.2 Distributed Services", "{5395791D-C2A8-4F24-B87D-1231CF1F5E7A}"
EndProject
Project("{2150E333-8FDC-42A3-9474-1A3956D46DE8}") = "1.3 Application", "1.3 Application", "{0536CD1F-B143-4185-B9EE-DF547A303D99}"
EndProject
Project("{2150E333-8FDC-42A3-9474-1A3956D46DE8}") = "1.4 Domain", "1.4 Domain", "{FE19032C-0F3F-492B-B843-7F583E24F4BF}"
EndProject
Project("{2150E333-8FDC-42A3-9474-1A3956D46DE8}") = "1.5 Infrastructure", "1.5 Infrastructure", "{6EA59DE7-0BFF-414A-9E17-546796FDD20F}"
EndProject
Project("{2150E333-8FDC-42A3-9474-1A3956D46DE8}") = "Policy", "Policy", "{F4CC648F-D08D-4A14-B582-E114931D23E3}"
EndProject
Project("{2150E333-8FDC-42A3-9474-1A3956D46DE8}") = "Common", "Common", "{4C16FBCB-A914-48BD-B58B-D15A7B508AB1}"
EndProject
Project("{2150E333-8FDC-42A3-9474-1A3956D46DE8}") = "Entities", "Entities", "{CB228751-AD55-4C20-8D7A-CEAD0E2E3BCB}"
EndProject
Project("{2150E333-8FDC-42A3-9474-1A3956D46DE8}") = "EntitiesLogic", "EntitiesLogic", "{59EA4830-9B79-436C-A933-F438D9884CEB}"
EndProject
Project("{2150E333-8FDC-42A3-9474-1A3956D46DE8}") = "1.5.1 CrossCutting", "1.5.1 CrossCutting", "{ADCCA75E-6C37-4245-A5E9-2EEEFB61B6F0}"
EndProject
Project("{2150E333-8FDC-42A3-9474-1A3956D46DE8}") = "Freight", "Freight", "{668C92CE-5EC8-40BB-B3FE-C7CE13B04AB3}"
EndProject
Project("{FAE04EC0-301F-11D3-BF4B-00C04F79EFBC}") = "Yanbal.SFT.FreightManagement.Presentation.Web", "1.Layers\1.1 Presentation\Yanbal.SFT.Presentation.Web\Yanbal.SFT.FreightManagement.Presentation.Web.csproj", "{2E0A8693-C87D-492B-A6CE-82F43D1853D7}"
EndProject
Project("{FAE04EC0-301F-11D3-BF4B-00C04F79EFBC}") = "Yanbal.SFT.FreightManagement.Presentation.Web.Source", "1.Layers\1.1 Presentation\Yanbal.SFT.Presentation.Web.Source\Yanbal.SFT.FreightManagement.Presentation.Web.Source.csproj", "{AF41F104-808E-4FC3-9205-5919D887850E}"
EndProject
Project("{FAE04EC0-301F-11D3-BF4B-00C04F79EFBC}") = "Yanbal.SFT.Proxies.Application", "1.Layers\1.3 Application\Yanbal.SFT.Proxies.Application\Yanbal.SFT.Proxies.Application.csproj", "{09DB9F39-8873-48B9-A9E6-C62C12486F85}"
EndProject
Project("{FAE04EC0-301F-11D3-BF4B-00C04F79EFBC}") = "Yanbal.SFT.FreightManagement.Common", "Yanbal.SFT.Domain.Common\Yanbal.SFT.FreightManagement.Common.csproj", "{25C4E95D-DCC0-4B4A-920F-B66192BC69AC}"
EndProject
Project("{FAE04EC0-301F-11D3-BF4B-00C04F79EFBC}") = "Yanbal.SFT.Domain.Entities", "Yanbal.SFT.Domain.Entities\Yanbal.SFT.Domain.Entities.csproj", "{2788782A-17CA-4FEB-8801-19A5A340DCCD}"
EndProject
Project("{FAE04EC0-301F-11D3-BF4B-00C04F79EFBC}") = "Yanbal.SFT.Domain.Entities.Logic", "Yanbal.SFT.Domain.Entities.Logic\Yanbal.SFT.Domain.Entities.Logic.csproj", "{A313E510-AD35-4950-A312-54889F830E08}"
EndProject
Project("{FAE04EC0-301F-11D3-BF4B-00C04F79EFBC}") = "Yanbal.SFT.Infrastructure.CrossCutting", "Yanbal.SFT.Infrastructure.CrossCutting\Yanbal.SFT.Infrastructure.CrossCutting.csproj", "{5B20F1A2-4FD0-4F55-BF01-04A3A049E4AF}"
EndProject
Project("{FAE04EC0-301F-11D3-BF4B-00C04F79EFBC}") = "Yanbal.SFT.PolicyManager.Domain", "Yanbal.SFT.PolicyManager.Domain\Yanbal.SFT.PolicyManager.Domain.csproj", "{444F23BE-D133-4689-BE85-73E388480715}"
EndProject
Project("{FAE04EC0-301F-11D3-BF4B-00C04F79EFBC}") = "Yanbal.SFT.FreightManager.Domain", "Yanbal.SFT.FreightManager.Domain\Yanbal.SFT.FreightManager.Domain.csproj", "{1474ACF7-5943-44B5-96B0-7DB98A1309D7}"
EndProject
Project("{FAE04EC0-301F-11D3-BF4B-00C04F79EFBC}") = "Yanbal.SFT.FreightManager.Implementation.Service", "Yanbal.SFT.FreightManager.Implementation.Service\Yanbal.SFT.FreightManager.Implementation.Service.csproj", "{15B3E0D2-6217-493A-A690-158C497F5318}"
EndProject
Project("{FAE04EC0-301F-11D3-BF4B-00C04F79EFBC}") = "Yanbal.SFT.FreightManager.Host.Service", "Yanbal.SFT.FreightManager.Host.Service\Yanbal.SFT.FreightManager.Host.Service.csproj", "{436959C4-ACAE-470B-AF05-C610CB52B55B}"
EndProject
Project("{2150E333-8FDC-42A3-9474-1A3956D46DE8}") = "2.Database", "2.Database", "{024C30CA-883E-439C-B01B-9CC49CB9C040}"
EndProject
Project("{FAE04EC0-301F-11D3-BF4B-00C04F79EFBC}") = "Yanbal.SFT.UnitTest", "Yanbal.SFT.UnitTest\Yanbal.SFT.UnitTest.csproj", "{8EDF4429-251A-416D-BB68-93F227191BCF}"
EndProject
Project("{00D1A9C2-B5F0-4AF3-8072-F6C62B433612}") = "Yanbal.SFT.Fletes", "Yanbal.SFT.Fletes\Yanbal.SFT.Fletes.sqlproj", "{1BDB4AB4-66E4-414E-AC9B-B5B5E9FC6E11}"
EndProject
Project("{00D1A9C2-B5F0-4AF3-8072-F6C62B433612}") = "Yanbal.SFT.FleteAuditoria", "Yanbal.SFT.FleteAuditoria\Yanbal.SFT.FleteAuditoria.sqlproj", "{D7F39CB2-8C98-4464-9580-A9227D43BBC2}"
EndProject
Project("{2150E333-8FDC-42A3-9474-1A3956D46DE8}") = "Mappers", "Mappers", "{872D6BA2-F0CE-4C8F-A746-2D128788AF14}"
EndProject
Project("{FAE04EC0-301F-11D3-BF4B-00C04F79EFBC}") = "Yanbal.SFT.Domain.Mappers", "Yanbal.SFT.Domain.Mappers\Yanbal.SFT.Domain.Mappers.csproj", "{099D6148-9403-495B-83C8-D4B6C2008A66}"
EndProject
Global
	GlobalSection(SolutionConfigurationPlatforms) = preSolution
		Debug|Any CPU = Debug|Any CPU
		Release|Any CPU = Release|Any CPU
	EndGlobalSection
	GlobalSection(ProjectConfigurationPlatforms) = postSolution
		{2E0A8693-C87D-492B-A6CE-82F43D1853D7}.Debug|Any CPU.ActiveCfg = Debug|Any CPU
		{2E0A8693-C87D-492B-A6CE-82F43D1853D7}.Debug|Any CPU.Build.0 = Debug|Any CPU
		{2E0A8693-C87D-492B-A6CE-82F43D1853D7}.Release|Any CPU.ActiveCfg = Debug|Any CPU
		{2E0A8693-C87D-492B-A6CE-82F43D1853D7}.Release|Any CPU.Build.0 = Debug|Any CPU
		{AF41F104-808E-4FC3-9205-5919D887850E}.Debug|Any CPU.ActiveCfg = Debug|Any CPU
		{AF41F104-808E-4FC3-9205-5919D887850E}.Debug|Any CPU.Build.0 = Debug|Any CPU
		{AF41F104-808E-4FC3-9205-5919D887850E}.Release|Any CPU.ActiveCfg = Debug|Any CPU
		{AF41F104-808E-4FC3-9205-5919D887850E}.Release|Any CPU.Build.0 = Debug|Any CPU
		{09DB9F39-8873-48B9-A9E6-C62C12486F85}.Debug|Any CPU.ActiveCfg = Debug|Any CPU
		{09DB9F39-8873-48B9-A9E6-C62C12486F85}.Debug|Any CPU.Build.0 = Debug|Any CPU
		{09DB9F39-8873-48B9-A9E6-C62C12486F85}.Release|Any CPU.ActiveCfg = Debug|Any CPU
		{09DB9F39-8873-48B9-A9E6-C62C12486F85}.Release|Any CPU.Build.0 = Debug|Any CPU
		{25C4E95D-DCC0-4B4A-920F-B66192BC69AC}.Debug|Any CPU.ActiveCfg = Debug|Any CPU
		{25C4E95D-DCC0-4B4A-920F-B66192BC69AC}.Debug|Any CPU.Build.0 = Debug|Any CPU
		{25C4E95D-DCC0-4B4A-920F-B66192BC69AC}.Release|Any CPU.ActiveCfg = Debug|Any CPU
		{25C4E95D-DCC0-4B4A-920F-B66192BC69AC}.Release|Any CPU.Build.0 = Debug|Any CPU
		{2788782A-17CA-4FEB-8801-19A5A340DCCD}.Debug|Any CPU.ActiveCfg = Debug|Any CPU
		{2788782A-17CA-4FEB-8801-19A5A340DCCD}.Debug|Any CPU.Build.0 = Debug|Any CPU
		{2788782A-17CA-4FEB-8801-19A5A340DCCD}.Release|Any CPU.ActiveCfg = Debug|Any CPU
		{2788782A-17CA-4FEB-8801-19A5A340DCCD}.Release|Any CPU.Build.0 = Debug|Any CPU
		{A313E510-AD35-4950-A312-54889F830E08}.Debug|Any CPU.ActiveCfg = Debug|Any CPU
		{A313E510-AD35-4950-A312-54889F830E08}.Debug|Any CPU.Build.0 = Debug|Any CPU
		{A313E510-AD35-4950-A312-54889F830E08}.Release|Any CPU.ActiveCfg = Debug|Any CPU
		{A313E510-AD35-4950-A312-54889F830E08}.Release|Any CPU.Build.0 = Debug|Any CPU
		{5B20F1A2-4FD0-4F55-BF01-04A3A049E4AF}.Debug|Any CPU.ActiveCfg = Debug|Any CPU
		{5B20F1A2-4FD0-4F55-BF01-04A3A049E4AF}.Debug|Any CPU.Build.0 = Debug|Any CPU
		{5B20F1A2-4FD0-4F55-BF01-04A3A049E4AF}.Release|Any CPU.ActiveCfg = Debug|Any CPU
		{5B20F1A2-4FD0-4F55-BF01-04A3A049E4AF}.Release|Any CPU.Build.0 = Debug|Any CPU
		{444F23BE-D133-4689-BE85-73E388480715}.Debug|Any CPU.ActiveCfg = Debug|Any CPU
		{444F23BE-D133-4689-BE85-73E388480715}.Debug|Any CPU.Build.0 = Debug|Any CPU
		{444F23BE-D133-4689-BE85-73E388480715}.Release|Any CPU.ActiveCfg = Debug|Any CPU
		{444F23BE-D133-4689-BE85-73E388480715}.Release|Any CPU.Build.0 = Debug|Any CPU
		{1474ACF7-5943-44B5-96B0-7DB98A1309D7}.Debug|Any CPU.ActiveCfg = Debug|Any CPU
		{1474ACF7-5943-44B5-96B0-7DB98A1309D7}.Debug|Any CPU.Build.0 = Debug|Any CPU
		{1474ACF7-5943-44B5-96B0-7DB98A1309D7}.Release|Any CPU.ActiveCfg = Debug|Any CPU
		{1474ACF7-5943-44B5-96B0-7DB98A1309D7}.Release|Any CPU.Build.0 = Debug|Any CPU
		{15B3E0D2-6217-493A-A690-158C497F5318}.Debug|Any CPU.ActiveCfg = Debug|Any CPU
		{15B3E0D2-6217-493A-A690-158C497F5318}.Debug|Any CPU.Build.0 = Debug|Any CPU
		{15B3E0D2-6217-493A-A690-158C497F5318}.Release|Any CPU.ActiveCfg = Debug|Any CPU
		{15B3E0D2-6217-493A-A690-158C497F5318}.Release|Any CPU.Build.0 = Debug|Any CPU
		{436959C4-ACAE-470B-AF05-C610CB52B55B}.Debug|Any CPU.ActiveCfg = Debug|Any CPU
		{436959C4-ACAE-470B-AF05-C610CB52B55B}.Debug|Any CPU.Build.0 = Debug|Any CPU
		{436959C4-ACAE-470B-AF05-C610CB52B55B}.Release|Any CPU.ActiveCfg = Debug|Any CPU
		{436959C4-ACAE-470B-AF05-C610CB52B55B}.Release|Any CPU.Build.0 = Debug|Any CPU
		{8EDF4429-251A-416D-BB68-93F227191BCF}.Debug|Any CPU.ActiveCfg = Debug|Any CPU
		{8EDF4429-251A-416D-BB68-93F227191BCF}.Debug|Any CPU.Build.0 = Debug|Any CPU
		{8EDF4429-251A-416D-BB68-93F227191BCF}.Release|Any CPU.ActiveCfg = Debug|Any CPU
		{8EDF4429-251A-416D-BB68-93F227191BCF}.Release|Any CPU.Build.0 = Debug|Any CPU
		{1BDB4AB4-66E4-414E-AC9B-B5B5E9FC6E11}.Debug|Any CPU.ActiveCfg = Debug|Any CPU
		{1BDB4AB4-66E4-414E-AC9B-B5B5E9FC6E11}.Debug|Any CPU.Build.0 = Debug|Any CPU
		{1BDB4AB4-66E4-414E-AC9B-B5B5E9FC6E11}.Debug|Any CPU.Deploy.0 = Debug|Any CPU
		{1BDB4AB4-66E4-414E-AC9B-B5B5E9FC6E11}.Release|Any CPU.ActiveCfg = Debug|Any CPU
		{1BDB4AB4-66E4-414E-AC9B-B5B5E9FC6E11}.Release|Any CPU.Build.0 = Debug|Any CPU
		{1BDB4AB4-66E4-414E-AC9B-B5B5E9FC6E11}.Release|Any CPU.Deploy.0 = Debug|Any CPU
		{D7F39CB2-8C98-4464-9580-A9227D43BBC2}.Debug|Any CPU.ActiveCfg = Debug|Any CPU
		{D7F39CB2-8C98-4464-9580-A9227D43BBC2}.Debug|Any CPU.Build.0 = Debug|Any CPU
		{D7F39CB2-8C98-4464-9580-A9227D43BBC2}.Debug|Any CPU.Deploy.0 = Debug|Any CPU
		{D7F39CB2-8C98-4464-9580-A9227D43BBC2}.Release|Any CPU.ActiveCfg = Debug|Any CPU
		{D7F39CB2-8C98-4464-9580-A9227D43BBC2}.Release|Any CPU.Build.0 = Debug|Any CPU
		{D7F39CB2-8C98-4464-9580-A9227D43BBC2}.Release|Any CPU.Deploy.0 = Debug|Any CPU
		{099D6148-9403-495B-83C8-D4B6C2008A66}.Debug|Any CPU.ActiveCfg = Debug|Any CPU
		{099D6148-9403-495B-83C8-D4B6C2008A66}.Debug|Any CPU.Build.0 = Debug|Any CPU
		{099D6148-9403-495B-83C8-D4B6C2008A66}.Release|Any CPU.ActiveCfg = Debug|Any CPU
		{099D6148-9403-495B-83C8-D4B6C2008A66}.Release|Any CPU.Build.0 = Debug|Any CPU
	EndGlobalSection
	GlobalSection(SolutionProperties) = preSolution
		HideSolutionNode = FALSE
	EndGlobalSection
	GlobalSection(NestedProjects) = preSolution
		{93388E89-5D5D-4FB0-A0EC-BDE960BC7FD8} = {B0D3888B-E955-4E17-AFFF-0B9B1B0C169E}
		{E4032D2F-8AD8-48F4-858B-01D707066761} = {3D827FB6-EDC8-4B97-961E-D1FBE32925CF}
		{5395791D-C2A8-4F24-B87D-1231CF1F5E7A} = {B0D3888B-E955-4E17-AFFF-0B9B1B0C169E}
		{0536CD1F-B143-4185-B9EE-DF547A303D99} = {B0D3888B-E955-4E17-AFFF-0B9B1B0C169E}
		{FE19032C-0F3F-492B-B843-7F583E24F4BF} = {B0D3888B-E955-4E17-AFFF-0B9B1B0C169E}
		{6EA59DE7-0BFF-414A-9E17-546796FDD20F} = {B0D3888B-E955-4E17-AFFF-0B9B1B0C169E}
		{F4CC648F-D08D-4A14-B582-E114931D23E3} = {FE19032C-0F3F-492B-B843-7F583E24F4BF}
		{4C16FBCB-A914-48BD-B58B-D15A7B508AB1} = {FE19032C-0F3F-492B-B843-7F583E24F4BF}
		{CB228751-AD55-4C20-8D7A-CEAD0E2E3BCB} = {FE19032C-0F3F-492B-B843-7F583E24F4BF}
		{59EA4830-9B79-436C-A933-F438D9884CEB} = {FE19032C-0F3F-492B-B843-7F583E24F4BF}
		{ADCCA75E-6C37-4245-A5E9-2EEEFB61B6F0} = {6EA59DE7-0BFF-414A-9E17-546796FDD20F}
		{668C92CE-5EC8-40BB-B3FE-C7CE13B04AB3} = {FE19032C-0F3F-492B-B843-7F583E24F4BF}
		{2E0A8693-C87D-492B-A6CE-82F43D1853D7} = {93388E89-5D5D-4FB0-A0EC-BDE960BC7FD8}
		{AF41F104-808E-4FC3-9205-5919D887850E} = {93388E89-5D5D-4FB0-A0EC-BDE960BC7FD8}
		{09DB9F39-8873-48B9-A9E6-C62C12486F85} = {0536CD1F-B143-4185-B9EE-DF547A303D99}
		{25C4E95D-DCC0-4B4A-920F-B66192BC69AC} = {4C16FBCB-A914-48BD-B58B-D15A7B508AB1}
		{2788782A-17CA-4FEB-8801-19A5A340DCCD} = {CB228751-AD55-4C20-8D7A-CEAD0E2E3BCB}
		{A313E510-AD35-4950-A312-54889F830E08} = {59EA4830-9B79-436C-A933-F438D9884CEB}
		{5B20F1A2-4FD0-4F55-BF01-04A3A049E4AF} = {ADCCA75E-6C37-4245-A5E9-2EEEFB61B6F0}
		{444F23BE-D133-4689-BE85-73E388480715} = {F4CC648F-D08D-4A14-B582-E114931D23E3}
		{1474ACF7-5943-44B5-96B0-7DB98A1309D7} = {668C92CE-5EC8-40BB-B3FE-C7CE13B04AB3}
		{15B3E0D2-6217-493A-A690-158C497F5318} = {5395791D-C2A8-4F24-B87D-1231CF1F5E7A}
		{436959C4-ACAE-470B-AF05-C610CB52B55B} = {5395791D-C2A8-4F24-B87D-1231CF1F5E7A}
		{8EDF4429-251A-416D-BB68-93F227191BCF} = {E4032D2F-8AD8-48F4-858B-01D707066761}
		{1BDB4AB4-66E4-414E-AC9B-B5B5E9FC6E11} = {024C30CA-883E-439C-B01B-9CC49CB9C040}
		{D7F39CB2-8C98-4464-9580-A9227D43BBC2} = {024C30CA-883E-439C-B01B-9CC49CB9C040}
		{872D6BA2-F0CE-4C8F-A746-2D128788AF14} = {FE19032C-0F3F-492B-B843-7F583E24F4BF}
		{099D6148-9403-495B-83C8-D4B6C2008A66} = {872D6BA2-F0CE-4C8F-A746-2D128788AF14}
	EndGlobalSection
	GlobalSection(ExtensibilityGlobals) = postSolution
		SolutionGuid = {1E74B6C5-E3F6-4D47-88DE-6023F5D49521}
	EndGlobalSection
EndGlobal
